// !$*UTF8*$!
{
	archiveVersion = 1;
	classes = {
	};
	objectVersion = 46;
	objects = {

/* Begin PBXBuildFile section */
		23D2EE611A7C2130004778C8 /* main.m in Sources */ = {isa = PBXBuildFile; fileRef = 23D2EE601A7C2130004778C8 /* main.m */; };
		23D2EE641A7C2130004778C8 /* AppDelegate.m in Sources */ = {isa = PBXBuildFile; fileRef = 23D2EE631A7C2130004778C8 /* AppDelegate.m */; };
		23D2EE671A7C2130004778C8 /* ViewController.m in Sources */ = {isa = PBXBuildFile; fileRef = 23D2EE661A7C2130004778C8 /* ViewController.m */; };
		23D2EE6A1A7C2130004778C8 /* Main.storyboard in Resources */ = {isa = PBXBuildFile; fileRef = 23D2EE681A7C2130004778C8 /* Main.storyboard */; };
		23D2EE6C1A7C2130004778C8 /* Images.xcassets in Resources */ = {isa = PBXBuildFile; fileRef = 23D2EE6B1A7C2130004778C8 /* Images.xcassets */; };
		23D2EE6F1A7C2130004778C8 /* LaunchScreen.xib in Resources */ = {isa = PBXBuildFile; fileRef = 23D2EE6D1A7C2130004778C8 /* LaunchScreen.xib */; };
		23D2EE7B1A7C2131004778C8 /* CameraTests.m in Sources */ = {isa = PBXBuildFile; fileRef = 23D2EE7A1A7C2131004778C8 /* CameraTests.m */; };
		23D2EE871A7C2A2E004778C8 /* Processing.mm in Sources */ = {isa = PBXBuildFile; fileRef = 23D2EE851A7C2A2E004778C8 /* Processing.mm */; };
/* End PBXBuildFile section */

/* Begin PBXContainerItemProxy section */
		23D2EE751A7C2131004778C8 /* PBXContainerItemProxy */ = {
			isa = PBXContainerItemProxy;
			containerPortal = 23D2EE531A7C2130004778C8 /* Project object */;
			proxyType = 1;
			remoteGlobalIDString = 23D2EE5A1A7C2130004778C8;
			remoteInfo = Camera;
		};
/* End PBXContainerItemProxy section */

/* Begin PBXFileReference section */
		23D2EE5B1A7C2130004778C8 /* Camera.app */ = {isa = PBXFileReference; explicitFileType = wrapper.application; includeInIndex = 0; path = Camera.app; sourceTree = BUILT_PRODUCTS_DIR; };
		23D2EE5F1A7C2130004778C8 /* Info.plist */ = {isa = PBXFileReference; lastKnownFileType = text.plist.xml; path = Info.plist; sourceTree = "<group>"; };
		23D2EE601A7C2130004778C8 /* main.m */ = {isa = PBXFileReference; lastKnownFileType = sourcecode.c.objc; path = main.m; sourceTree = "<group>"; };
		23D2EE621A7C2130004778C8 /* AppDelegate.h */ = {isa = PBXFileReference; lastKnownFileType = sourcecode.c.h; path = AppDelegate.h; sourceTree = "<group>"; };
		23D2EE631A7C2130004778C8 /* AppDelegate.m */ = {isa = PBXFileReference; lastKnownFileType = sourcecode.c.objc; path = AppDelegate.m; sourceTree = "<group>"; };
		23D2EE651A7C2130004778C8 /* ViewController.h */ = {isa = PBXFileReference; lastKnownFileType = sourcecode.c.h; path = ViewController.h; sourceTree = "<group>"; };
		23D2EE661A7C2130004778C8 /* ViewController.m */ = {isa = PBXFileReference; explicitFileType = sourcecode.c.objc; path = ViewController.m; sourceTree = "<group>"; };
		23D2EE691A7C2130004778C8 /* Base */ = {isa = PBXFileReference; lastKnownFileType = file.storyboard; name = Base; path = Base.lproj/Main.storyboard; sourceTree = "<group>"; };
		23D2EE6B1A7C2130004778C8 /* Images.xcassets */ = {isa = PBXFileReference; lastKnownFileType = folder.assetcatalog; path = Images.xcassets; sourceTree = "<group>"; };
		23D2EE6E1A7C2130004778C8 /* Base */ = {isa = PBXFileReference; lastKnownFileType = file.xib; name = Base; path = Base.lproj/LaunchScreen.xib; sourceTree = "<group>"; };
		23D2EE741A7C2131004778C8 /* CameraTests.xctest */ = {isa = PBXFileReference; explicitFileType = wrapper.cfbundle; includeInIndex = 0; path = CameraTests.xctest; sourceTree = BUILT_PRODUCTS_DIR; };
		23D2EE791A7C2131004778C8 /* Info.plist */ = {isa = PBXFileReference; lastKnownFileType = text.plist.xml; path = Info.plist; sourceTree = "<group>"; };
		23D2EE7A1A7C2131004778C8 /* CameraTests.m */ = {isa = PBXFileReference; lastKnownFileType = sourcecode.c.objc; path = CameraTests.m; sourceTree = "<group>"; };
		23D2EE851A7C2A2E004778C8 /* Processing.mm */ = {isa = PBXFileReference; explicitFileType = sourcecode.cpp.objcpp; fileEncoding = 4; path = Processing.mm; sourceTree = "<group>"; };
		23D2EE861A7C2A2E004778C8 /* Processing.h */ = {isa = PBXFileReference; explicitFileType = sourcecode.c.h; fileEncoding = 4; path = Processing.h; sourceTree = "<group>"; };
/* End PBXFileReference section */

/* Begin PBXFrameworksBuildPhase section */
		23D2EE581A7C2130004778C8 /* Frameworks */ = {
			isa = PBXFrameworksBuildPhase;
			buildActionMask = 2147483647;
			files = (
			);
			runOnlyForDeploymentPostprocessing = 0;
		};
		23D2EE711A7C2131004778C8 /* Frameworks */ = {
			isa = PBXFrameworksBuildPhase;
			buildActionMask = 2147483647;
			files = (
			);
			runOnlyForDeploymentPostprocessing = 0;
		};
/* End PBXFrameworksBuildPhase section */

/* Begin PBXGroup section */
		23D2EE521A7C2130004778C8 = {
			isa = PBXGroup;
			children = (
				23D2EE5D1A7C2130004778C8 /* Camera */,
				23D2EE771A7C2131004778C8 /* CameraTests */,
				23D2EE5C1A7C2130004778C8 /* Products */,
			);
			sourceTree = "<group>";
		};
		23D2EE5C1A7C2130004778C8 /* Products */ = {
			isa = PBXGroup;
			children = (
				23D2EE5B1A7C2130004778C8 /* Camera.app */,
				23D2EE741A7C2131004778C8 /* CameraTests.xctest */,
			);
			name = Products;
			sourceTree = "<group>";
		};
		23D2EE5D1A7C2130004778C8 /* Camera */ = {
			isa = PBXGroup;
			children = (
				23D2EE621A7C2130004778C8 /* AppDelegate.h */,
				23D2EE631A7C2130004778C8 /* AppDelegate.m */,
				23D2EE651A7C2130004778C8 /* ViewController.h */,
				23D2EE661A7C2130004778C8 /* ViewController.m */,
				23D2EE681A7C2130004778C8 /* Main.storyboard */,
				23D2EE6B1A7C2130004778C8 /* Images.xcassets */,
				23D2EE6D1A7C2130004778C8 /* LaunchScreen.xib */,
				23D2EE5E1A7C2130004778C8 /* Supporting Files */,
				23D2EE851A7C2A2E004778C8 /* Processing.mm */,
				23D2EE861A7C2A2E004778C8 /* Processing.h */,
			);
			path = Camera;
			sourceTree = "<group>";
		};
		23D2EE5E1A7C2130004778C8 /* Supporting Files */ = {
			isa = PBXGroup;
			children = (
				23D2EE5F1A7C2130004778C8 /* Info.plist */,
				23D2EE601A7C2130004778C8 /* main.m */,
			);
			name = "Supporting Files";
			sourceTree = "<group>";
		};
		23D2EE771A7C2131004778C8 /* CameraTests */ = {
			isa = PBXGroup;
			children = (
				23D2EE7A1A7C2131004778C8 /* CameraTests.m */,
				23D2EE781A7C2131004778C8 /* Supporting Files */,
			);
			path = CameraTests;
			sourceTree = "<group>";
		};
		23D2EE781A7C2131004778C8 /* Supporting Files */ = {
			isa = PBXGroup;
			children = (
				23D2EE791A7C2131004778C8 /* Info.plist */,
			);
			name = "Supporting Files";
			sourceTree = "<group>";
		};
/* End PBXGroup section */

/* Begin PBXNativeTarget section */
		23D2EE5A1A7C2130004778C8 /* Camera */ = {
			isa = PBXNativeTarget;
			buildConfigurationList = 23D2EE7E1A7C2131004778C8 /* Build configuration list for PBXNativeTarget "Camera" */;
			buildPhases = (
				23D2EE571A7C2130004778C8 /* Sources */,
				23D2EE581A7C2130004778C8 /* Frameworks */,
				23D2EE591A7C2130004778C8 /* Resources */,
			);
			buildRules = (
			);
			dependencies = (
			);
			name = Camera;
			productName = Camera;
			productReference = 23D2EE5B1A7C2130004778C8 /* Camera.app */;
			productType = "com.apple.product-type.application";
		};
		23D2EE731A7C2131004778C8 /* CameraTests */ = {
			isa = PBXNativeTarget;
			buildConfigurationList = 23D2EE811A7C2131004778C8 /* Build configuration list for PBXNativeTarget "CameraTests" */;
			buildPhases = (
				23D2EE701A7C2131004778C8 /* Sources */,
				23D2EE711A7C2131004778C8 /* Frameworks */,
				23D2EE721A7C2131004778C8 /* Resources */,
			);
			buildRules = (
			);
			dependencies = (
				23D2EE761A7C2131004778C8 /* PBXTargetDependency */,
			);
			name = CameraTests;
			productName = CameraTests;
			productReference = 23D2EE741A7C2131004778C8 /* CameraTests.xctest */;
			productType = "com.apple.product-type.bundle.unit-test";
		};
/* End PBXNativeTarget section */

/* Begin PBXProject section */
		23D2EE531A7C2130004778C8 /* Project object */ = {
			isa = PBXProject;
			attributes = {
				LastUpgradeCheck = 0610;
				ORGANIZATIONNAME = "Simon Willi";
				TargetAttributes = {
					23D2EE5A1A7C2130004778C8 = {
						CreatedOnToolsVersion = 6.1.1;
					};
					23D2EE731A7C2131004778C8 = {
						CreatedOnToolsVersion = 6.1.1;
						TestTargetID = 23D2EE5A1A7C2130004778C8;
					};
				};
			};
			buildConfigurationList = 23D2EE561A7C2130004778C8 /* Build configuration list for PBXProject "Camera" */;
			compatibilityVersion = "Xcode 3.2";
			developmentRegion = English;
			hasScannedForEncodings = 0;
			knownRegions = (
				en,
				Base,
			);
			mainGroup = 23D2EE521A7C2130004778C8;
			productRefGroup = 23D2EE5C1A7C2130004778C8 /* Products */;
			projectDirPath = "";
			projectRoot = "";
			targets = (
				23D2EE5A1A7C2130004778C8 /* Camera */,
				23D2EE731A7C2131004778C8 /* CameraTests */,
			);
		};
/* End PBXProject section */

/* Begin PBXResourcesBuildPhase section */
		23D2EE591A7C2130004778C8 /* Resources */ = {
			isa = PBXResourcesBuildPhase;
			buildActionMask = 2147483647;
			files = (
				23D2EE6A1A7C2130004778C8 /* Main.storyboard in Resources */,
				23D2EE6F1A7C2130004778C8 /* LaunchScreen.xib in Resources */,
				23D2EE6C1A7C2130004778C8 /* Images.xcassets in Resources */,
			);
			runOnlyForDeploymentPostprocessing = 0;
		};
		23D2EE721A7C2131004778C8 /* Resources */ = {
			isa = PBXResourcesBuildPhase;
			buildActionMask = 2147483647;
			files = (
			);
			runOnlyForDeploymentPostprocessing = 0;
		};
/* End PBXResourcesBuildPhase section */

/* Begin PBXSourcesBuildPhase section */
		23D2EE571A7C2130004778C8 /* Sources */ = {
			isa = PBXSourcesBuildPhase;
			buildActionMask = 2147483647;
			files = (
				23D2EE871A7C2A2E004778C8 /* Processing.mm in Sources */,
				23D2EE671A7C2130004778C8 /* ViewController.m in Sources */,
				23D2EE641A7C2130004778C8 /* AppDelegate.m in Sources */,
				23D2EE611A7C2130004778C8 /* main.m in Sources */,
			);
			runOnlyForDeploymentPostprocessing = 0;
		};
		23D2EE701A7C2131004778C8 /* Sources */ = {
			isa = PBXSourcesBuildPhase;
			buildActionMask = 2147483647;
			files = (
				23D2EE7B1A7C2131004778C8 /* CameraTests.m in Sources */,
			);
			runOnlyForDeploymentPostprocessing = 0;
		};
/* End PBXSourcesBuildPhase section */

/* Begin PBXTargetDependency section */
		23D2EE761A7C2131004778C8 /* PBXTargetDependency */ = {
			isa = PBXTargetDependency;
			target = 23D2EE5A1A7C2130004778C8 /* Camera */;
			targetProxy = 23D2EE751A7C2131004778C8 /* PBXContainerItemProxy */;
		};
/* End PBXTargetDependency section */

/* Begin PBXVariantGroup section */
		23D2EE681A7C2130004778C8 /* Main.storyboard */ = {
			isa = PBXVariantGroup;
			children = (
				23D2EE691A7C2130004778C8 /* Base */,
			);
			name = Main.storyboard;
			sourceTree = "<group>";
		};
		23D2EE6D1A7C2130004778C8 /* LaunchScreen.xib */ = {
			isa = PBXVariantGroup;
			children = (
				23D2EE6E1A7C2130004778C8 /* Base */,
			);
			name = LaunchScreen.xib;
			sourceTree = "<group>";
		};
/* End PBXVariantGroup section */

/* Begin XCBuildConfiguration section */
		23D2EE7C1A7C2131004778C8 /* Debug */ = {
			isa = XCBuildConfiguration;
			buildSettings = {
				ALWAYS_SEARCH_USER_PATHS = NO;
				CLANG_CXX_LANGUAGE_STANDARD = "gnu++0x";
				CLANG_CXX_LIBRARY = "libc++";
				CLANG_ENABLE_MODULES = YES;
				CLANG_ENABLE_OBJC_ARC = YES;
				CLANG_WARN_BOOL_CONVERSION = YES;
				CLANG_WARN_CONSTANT_CONVERSION = YES;
				CLANG_WARN_DIRECT_OBJC_ISA_USAGE = YES_ERROR;
				CLANG_WARN_EMPTY_BODY = YES;
				CLANG_WARN_ENUM_CONVERSION = YES;
				CLANG_WARN_INT_CONVERSION = YES;
				CLANG_WARN_OBJC_ROOT_CLASS = YES_ERROR;
				CLANG_WARN_UNREACHABLE_CODE = YES;
				CLANG_WARN__DUPLICATE_METHOD_MATCH = YES;
				"CODE_SIGN_IDENTITY[sdk=iphoneos*]" = "iPhone Developer";
				COPY_PHASE_STRIP = NO;
				ENABLE_STRICT_OBJC_MSGSEND = YES;
				GCC_C_LANGUAGE_STANDARD = gnu99;
				GCC_DYNAMIC_NO_PIC = NO;
				GCC_OPTIMIZATION_LEVEL = 0;
				GCC_PREPROCESSOR_DEFINITIONS = (
					"DEBUG=1",
					"$(inherited)",
				);
				GCC_SYMBOLS_PRIVATE_EXTERN = NO;
				GCC_WARN_64_TO_32_BIT_CONVERSION = YES;
				GCC_WARN_ABOUT_RETURN_TYPE = YES_ERROR;
				GCC_WARN_UNDECLARED_SELECTOR = YES;
				GCC_WARN_UNINITIALIZED_AUTOS = YES_AGGRESSIVE;
				GCC_WARN_UNUSED_FUNCTION = YES;
				GCC_WARN_UNUSED_VARIABLE = YES;
				IPHONEOS_DEPLOYMENT_TARGET = 8.1;
				MTL_ENABLE_DEBUG_INFO = YES;
				ONLY_ACTIVE_ARCH = YES;
				SDKROOT = iphoneos;
			};
			name = Debug;
		};
		23D2EE7D1A7C2131004778C8 /* Release */ = {
			isa = XCBuildConfiguration;
			buildSettings = {
				ALWAYS_SEARCH_USER_PATHS = NO;
				CLANG_CXX_LANGUAGE_STANDARD = "gnu++0x";
				CLANG_CXX_LIBRARY = "libc++";
				CLANG_ENABLE_MODULES = YES;
				CLANG_ENABLE_OBJC_ARC = YES;
				CLANG_WARN_BOOL_CONVERSION = YES;
				CLANG_WARN_CONSTANT_CONVERSION = YES;
				CLANG_WARN_DIRECT_OBJC_ISA_USAGE = YES_ERROR;
				CLANG_WARN_EMPTY_BODY = YES;
				CLANG_WARN_ENUM_CONVERSION = YES;
				CLANG_WARN_INT_CONVERSION = YES;
				CLANG_WARN_OBJC_ROOT_CLASS = YES_ERROR;
				CLANG_WARN_UNREACHABLE_CODE = YES;
				CLANG_WARN__DUPLICATE_METHOD_MATCH = YES;
				"CODE_SIGN_IDENTITY[sdk=iphoneos*]" = "iPhone Developer";
				COPY_PHASE_STRIP = YES;
				ENABLE_NS_ASSERTIONS = NO;
				ENABLE_STRICT_OBJC_MSGSEND = YES;
				GCC_C_LANGUAGE_STANDARD = gnu99;
				GCC_WARN_64_TO_32_BIT_CONVERSION = YES;
				GCC_WARN_ABOUT_RETURN_TYPE = YES_ERROR;
				GCC_WARN_UNDECLARED_SELECTOR = YES;
				GCC_WARN_UNINITIALIZED_AUTOS = YES_AGGRESSIVE;
				GCC_WARN_UNUSED_FUNCTION = YES;
				GCC_WARN_UNUSED_VARIABLE = YES;
				IPHONEOS_DEPLOYMENT_TARGET = 8.1;
				MTL_ENABLE_DEBUG_INFO = NO;
				SDKROOT = iphoneos;
				VALIDATE_PRODUCT = YES;
			};
			name = Release;
		};
		23D2EE7F1A7C2131004778C8 /* Debug */ = {
			isa = XCBuildConfiguration;
			buildSettings = {
				ASSETCATALOG_COMPILER_APPICON_NAME = AppIcon;
				INFOPLIST_FILE = Camera/Info.plist;
				LD_RUNPATH_SEARCH_PATHS = "$(inherited) @executable_path/Frameworks";
				PRODUCT_NAME = "$(TARGET_NAME)";
			};
			name = Debug;
		};
		23D2EE801A7C2131004778C8 /* Release */ = {
			isa = XCBuildConfiguration;
			buildSettings = {
				ASSETCATALOG_COMPILER_APPICON_NAME = AppIcon;
				INFOPLIST_FILE = Camera/Info.plist;
				LD_RUNPATH_SEARCH_PATHS = "$(inherited) @executable_path/Frameworks";
				PRODUCT_NAME = "$(TARGET_NAME)";
			};
			name = Release;
		};
		23D2EE821A7C2131004778C8 /* Debug */ = {
			isa = XCBuildConfiguration;
			buildSettings = {
				BUNDLE_LOADER = "$(TEST_HOST)";
				FRAMEWORK_SEARCH_PATHS = (
					"$(SDKROOT)/Developer/Library/Frameworks",
					"$(inherited)",
				);
				GCC_PREPROCESSOR_DEFINITIONS = (
					"DEBUG=1",
					"$(inherited)",
				);
				INFOPLIST_FILE = CameraTests/Info.plist;
				LD_RUNPATH_SEARCH_PATHS = "$(inherited) @executable_path/Frameworks @loader_path/Frameworks";
				PRODUCT_NAME = "$(TARGET_NAME)";
				TEST_HOST = "$(BUILT_PRODUCTS_DIR)/Camera.app/Camera";
			};
			name = Debug;
		};
		23D2EE831A7C2131004778C8 /* Release */ = {
			isa = XCBuildConfiguration;
			buildSettings = {
				BUNDLE_LOADER = "$(TEST_HOST)";
				FRAMEWORK_SEARCH_PATHS = (
					"$(SDKROOT)/Developer/Library/Frameworks",
					"$(inherited)",
				);
				INFOPLIST_FILE = CameraTests/Info.plist;
				LD_RUNPATH_SEARCH_PATHS = "$(inherited) @executable_path/Frameworks @loader_path/Frameworks";
				PRODUCT_NAME = "$(TARGET_NAME)";
				TEST_HOST = "$(BUILT_PRODUCTS_DIR)/Camera.app/Camera";
			};
			name = Release;
		};
/* End XCBuildConfiguration section */

/* Begin XCConfigurationList section */
		23D2EE561A7C2130004778C8 /* Build configuration list for PBXProject "Camera" */ = {
			isa = XCConfigurationList;
			buildConfigurations = (
				23D2EE7C1A7C2131004778C8 /* Debug */,
				23D2EE7D1A7C2131004778C8 /* Release */,
			);
			defaultConfigurationIsVisible = 0;
			defaultConfigurationName = Release;
		};
		23D2EE7E1A7C2131004778C8 /* Build configuration list for PBXNativeTarget "Camera" */ = {
			isa = XCConfigurationList;
			buildConfigurations = (
				23D2EE7F1A7C2131004778C8 /* Debug */,
				23D2EE801A7C2131004778C8 /* Release */,
			);
			defaultConfigurationIsVisible = 0;
			defaultConfigurationName = Release;
		};
		23D2EE811A7C2131004778C8 /* Build configuration list for PBXNativeTarget "CameraTests" */ = {
			isa = XCConfigurationList;
			buildConfigurations = (
				23D2EE821A7C2131004778C8 /* Debug */,
				23D2EE831A7C2131004778C8 /* Release */,
			);
			defaultConfigurationIsVisible = 0;
			defaultConfigurationName = Release;
		};
/* End XCConfigurationList section */
	};
	rootObject = 23D2EE531A7C2130004778C8 /* Project object */;
}
